PODS:
  - BingoGame (0.1.0):
    - lottie-ios
  - lottie-ios (2.5.2)

DEPENDENCIES:
  - BingoGame (from `../`)

SPEC REPOS:
  https://github.com/cocoapods/specs.git:
    - lottie-ios

EXTERNAL SOURCES:
  BingoGame:
    :path: "../"

SPEC CHECKSUMS:
  BingoGame: bbb130fe26c33b8883c04cf096ec1c5f6c524a5d
  lottie-ios: 3fef45d3fabe63e3c7c2eb603dd64ddfffc73062

PODFILE CHECKSUM: 38d4614f46899146b4445972ec4386836bdfd974

COCOAPODS: 1.5.3
